
Microsoft Visual Studio Solution File, Format Version 11.00
# Visual Studio 2010
Project("{FAE04EC0-301F-11D3-BF4B-00C04F79EFBC}") = "Common", "Common\Common.csproj", "{B8D86BB7-776C-4BF6-9249-28752C4C097A}"
EndProject
Project("{FAE04EC0-301F-11D3-BF4B-00C04F79EFBC}") = "Bridge", "Bridge\Bridge.csproj", "{A349BDE4-2BE4-41F5-B088-36AA47D39356}"
EndProject
Project("{FAE04EC0-301F-11D3-BF4B-00C04F79EFBC}") = "Listener", "Listener\Listener.csproj", "{73BDA4EA-2384-470D-910E-FF32E398A39A}"
EndProject
Project("{FAE04EC0-301F-11D3-BF4B-00C04F79EFBC}") = "Source", "Source\Source.csproj", "{1B0FC46E-F28A-4794-A0EF-67E65D5E8A3C}"
EndProject
Global
	GlobalSection(SolutionConfigurationPlatforms) = preSolution
		Debug|Any CPU = Debug|Any CPU
		Release|Any CPU = Release|Any CPU
	EndGlobalSection
	GlobalSection(ProjectConfigurationPlatforms) = postSolution
		{B8D86BB7-776C-4BF6-9249-28752C4C097A}.Debug|Any CPU.ActiveCfg = Debug|Any CPU
		{B8D86BB7-776C-4BF6-9249-28752C4C097A}.Debug|Any CPU.Build.0 = Debug|Any CPU
		{B8D86BB7-776C-4BF6-9249-28752C4C097A}.Release|Any CPU.ActiveCfg = Release|Any CPU
		{B8D86BB7-776C-4BF6-9249-28752C4C097A}.Release|Any CPU.Build.0 = Release|Any CPU
		{A349BDE4-2BE4-41F5-B088-36AA47D39356}.Debug|Any CPU.ActiveCfg = Debug|Any CPU
		{A349BDE4-2BE4-41F5-B088-36AA47D39356}.Debug|Any CPU.Build.0 = Debug|Any CPU
		{A349BDE4-2BE4-41F5-B088-36AA47D39356}.Release|Any CPU.ActiveCfg = Release|Any CPU
		{A349BDE4-2BE4-41F5-B088-36AA47D39356}.Release|Any CPU.Build.0 = Release|Any CPU
		{73BDA4EA-2384-470D-910E-FF32E398A39A}.Debug|Any CPU.ActiveCfg = Debug|Any CPU
		{73BDA4EA-2384-470D-910E-FF32E398A39A}.Debug|Any CPU.Build.0 = Debug|Any CPU
		{73BDA4EA-2384-470D-910E-FF32E398A39A}.Release|Any CPU.ActiveCfg = Release|Any CPU
		{73BDA4EA-2384-470D-910E-FF32E398A39A}.Release|Any CPU.Build.0 = Release|Any CPU
		{1B0FC46E-F28A-4794-A0EF-67E65D5E8A3C}.Debug|Any CPU.ActiveCfg = Debug|Any CPU
		{1B0FC46E-F28A-4794-A0EF-67E65D5E8A3C}.Debug|Any CPU.Build.0 = Debug|Any CPU
		{1B0FC46E-F28A-4794-A0EF-67E65D5E8A3C}.Release|Any CPU.ActiveCfg = Release|Any CPU
		{1B0FC46E-F28A-4794-A0EF-67E65D5E8A3C}.Release|Any CPU.Build.0 = Release|Any CPU
	EndGlobalSection
	GlobalSection(SolutionProperties) = preSolution
		HideSolutionNode = FALSE
	EndGlobalSection
EndGlobal
